{
  "version": "3",
  "packages": {
    "specifiers": {
      "npm:@react-email/body": "npm:@react-email/body@0.0.10_react@18.3.1",
      "npm:@react-email/button": "npm:@react-email/button@0.0.17_react@18.3.1",
      "npm:@react-email/container": "npm:@react-email/container@0.0.14_react@18.3.1",
      "npm:@react-email/head": "npm:@react-email/head@0.0.11_react@18.3.1",
      "npm:@react-email/hr": "npm:@react-email/hr@0.0.10_react@18.3.1",
      "npm:@react-email/html": "npm:@react-email/html@0.0.10_react@18.3.1",
      "npm:@react-email/img": "npm:@react-email/img@0.0.10_react@18.3.1",
      "npm:@react-email/link": "npm:@react-email/link@0.0.10_react@18.3.1",
      "npm:@react-email/render": "npm:@react-email/render@1.0.1_react@18.3.1_react-dom@18.3.1__react@18.3.1",
      "npm:@react-email/text": "npm:@react-email/text@0.0.10_react@18.3.1",
      "npm:react": "npm:react@18.3.1",
      "npm:resend": "npm:resend@4.0.0_react@18.3.1"
    },
    "npm": {
      "@isaacs/cliui@8.0.2": {
        "integrity": "sha512-O8jcjabXaleOG9DQ0+ARXWZBTfnP4WNAqzuiJK7ll44AmxGKv/J2M4TPjxjY3znBCfvBXFzucm1twdyFybFqEA==",
        "dependencies": {
          "string-width": "string-width@5.1.2",
          "string-width-cjs": "string-width@4.2.3",
          "strip-ansi": "strip-ansi@7.1.0",
          "strip-ansi-cjs": "strip-ansi@6.0.1",
          "wrap-ansi": "wrap-ansi@8.1.0",
          "wrap-ansi-cjs": "wrap-ansi@7.0.0"
        }
      },
      "@one-ini/wasm@0.1.1": {
        "integrity": "sha512-XuySG1E38YScSJoMlqovLru4KTUNSjgVTIjyh7qMX6aNN5HY5Ct5LhRJdxO79JtTzKfzV/bnWpz+zquYrISsvw==",
        "dependencies": {}
      },
      "@pkgjs/parseargs@0.11.0": {
        "integrity": "sha512-+1VkjdD0QBLPodGrJUeqarH8VAIvQODIbwh9XpP5Syisf7YoQgsJKPNFoqqLQlu+VQ/tVSshMR6loPMn8U+dPg==",
        "dependencies": {}
      },
      "@react-email/body@0.0.10_react@18.3.1": {
        "integrity": "sha512-dMJyL9aU25ieatdPtVjCyQ/WHZYHwNc+Hy/XpF8Cc18gu21cUynVEeYQzFSeigDRMeBQ3PGAyjVDPIob7YlGwA==",
        "dependencies": {
          "react": "react@18.3.1"
        }
      },
      "@react-email/button@0.0.17_react@18.3.1": {
        "integrity": "sha512-ioHdsk+BpGS/PqjU6JS7tUrVy9yvbUx92Z+Cem2+MbYp55oEwQ9VHf7u4f5NoM0gdhfKSehBwRdYlHt/frEMcg==",
        "dependencies": {
          "react": "react@18.3.1"
        }
      },
      "@react-email/container@0.0.14_react@18.3.1": {
        "integrity": "sha512-NgoaJJd9tTtsrveL86Ocr/AYLkGyN3prdXKd/zm5fQpfDhy/NXezyT3iF6VlwAOEUIu64ErHpAJd+P6ygR+vjg==",
        "dependencies": {
          "react": "react@18.3.1"
        }
      },
      "@react-email/head@0.0.11_react@18.3.1": {
        "integrity": "sha512-skw5FUgyamIMK+LN+fZQ5WIKQYf0dPiRAvsUAUR2eYoZp9oRsfkIpFHr0GWPkKAYjFEj+uJjaxQ/0VzQH7svVg==",
        "dependencies": {
          "react": "react@18.3.1"
        }
      },
      "@react-email/hr@0.0.10_react@18.3.1": {
        "integrity": "sha512-3AA4Yjgl3zEid/KVx6uf6TuLJHVZvUc2cG9Wm9ZpWeAX4ODA+8g9HyuC0tfnjbRsVMhMcCGiECuWWXINi+60vA==",
        "dependencies": {
          "react": "react@18.3.1"
        }
      },
      "@react-email/html@0.0.10_react@18.3.1": {
        "integrity": "sha512-06uiuSKJBWQJfhCKv4MPupELei4Lepyz9Sth7Yq7Fq29CAeB1ejLgKkGqn1I+FZ72hQxPLdYF4iq4yloKv3JCg==",
        "dependencies": {
          "react": "react@18.3.1"
        }
      },
      "@react-email/img@0.0.10_react@18.3.1": {
        "integrity": "sha512-pJ8glJjDNaJ53qoM95pvX9SK05yh0bNQY/oyBKmxlBDdUII6ixuMc3SCwYXPMl+tgkQUyDgwEBpSTrLAnjL3hA==",
        "dependencies": {
          "react": "react@18.3.1"
        }
      },
      "@react-email/link@0.0.10_react@18.3.1": {
        "integrity": "sha512-tva3wvAWSR10lMJa9fVA09yRn7pbEki0ZZpHE6GD1jKbFhmzt38VgLO9B797/prqoDZdAr4rVK7LJFcdPx3GwA==",
        "dependencies": {
          "react": "react@18.3.1"
        }
      },
      "@react-email/render@0.0.17_react@18.3.1_react-dom@18.3.1__react@18.3.1": {
        "integrity": "sha512-xBQ+/73+WsGuXKY7r1U73zMBNV28xdV0cp9cFjhNYipBReDHhV97IpA6v7Hl0dDtDzt+yS/72dY5vYXrF1v8NA==",
        "dependencies": {
          "html-to-text": "html-to-text@9.0.5",
          "js-beautify": "js-beautify@1.15.1",
          "react": "react@18.3.1",
          "react-dom": "react-dom@18.3.1_react@18.3.1",
          "react-promise-suspense": "react-promise-suspense@0.3.4"
        }
      },
      "@react-email/render@1.0.1_react@18.3.1_react-dom@18.3.1__react@18.3.1": {
        "integrity": "sha512-W3gTrcmLOVYnG80QuUp22ReIT/xfLsVJ+n7ghSlG2BITB8evNABn1AO2rGQoXuK84zKtDAlxCdm3hRyIpZdGSA==",
        "dependencies": {
          "html-to-text": "html-to-text@9.0.5",
          "js-beautify": "js-beautify@1.15.1",
          "react": "react@18.3.1",
          "react-dom": "react-dom@18.3.1_react@18.3.1",
          "react-promise-suspense": "react-promise-suspense@0.3.4"
        }
      },
      "@react-email/text@0.0.10_react@18.3.1": {
        "integrity": "sha512-wNAnxeEAiFs6N+SxS0y6wTJWfewEzUETuyS2aZmT00xk50VijwyFRuhm4sYSjusMyshevomFwz5jNISCxRsGWw==",
        "dependencies": {
          "react": "react@18.3.1"
        }
      },
      "@selderee/plugin-htmlparser2@0.11.0": {
        "integrity": "sha512-P33hHGdldxGabLFjPPpaTxVolMrzrcegejx+0GxjrIb9Zv48D8yAIA/QTDR2dFl7Uz7urX8aX6+5bCZslr+gWQ==",
        "dependencies": {
          "domhandler": "domhandler@5.0.3",
          "selderee": "selderee@0.11.0"
        }
      },
      "abbrev@2.0.0": {
        "integrity": "sha512-6/mh1E2u2YgEsCHdY0Yx5oW+61gZU+1vXaoiHHrpKeuRNNgFvS+/jrwHiQhB5apAf5oB7UB7E19ol2R2LKH8hQ==",
        "dependencies": {}
      },
      "ansi-regex@5.0.1": {
        "integrity": "sha512-quJQXlTSUGL2LH9SUXo8VwsY4soanhgo6LNSm84E1LBcE8s3O0wpdiRzyR9z/ZZJMlMWv37qOOb9pdJlMUEKFQ==",
        "dependencies": {}
      },
      "ansi-regex@6.0.1": {
        "integrity": "sha512-n5M855fKb2SsfMIiFFoVrABHJC8QtHwVx+mHWP3QcEqBHYienj5dHSgjbxtC0WEZXYt4wcD6zrQElDPhFuZgfA==",
        "dependencies": {}
      },
      "ansi-styles@4.3.0": {
        "integrity": "sha512-zbB9rCJAT1rbjiVDb2hqKFHNYLxgtk8NURxZ3IZwD3F6NtxbXZQCnnSi1Lkx+IDohdPlFp222wVALIheZJQSEg==",
        "dependencies": {
          "color-convert": "color-convert@2.0.1"
        }
      },
      "ansi-styles@6.2.1": {
        "integrity": "sha512-bN798gFfQX+viw3R7yrGWRqnrN2oRkEkUjjl4JNn4E8GxxbjtG3FbrEIIY3l8/hrwUwIeCZvi4QuOTP4MErVug==",
        "dependencies": {}
      },
      "balanced-match@1.0.2": {
        "integrity": "sha512-3oSeUO0TMV67hN1AmbXsK4yaqU7tjiHlbxRDZOpH0KW9+CeX4bRAaX0Anxt0tx2MrpRpWwQaPwIlISEJhYU5Pw==",
        "dependencies": {}
      },
      "brace-expansion@2.0.1": {
        "integrity": "sha512-XnAIvQ8eM+kC6aULx6wuQiwVsnzsi9d3WxzV3FpWTGA19F621kwdbsAcFKXgKUHZWsy+mY6iL1sHTxWEFCytDA==",
        "dependencies": {
          "balanced-match": "balanced-match@1.0.2"
        }
      },
      "color-convert@2.0.1": {
        "integrity": "sha512-RRECPsj7iu/xb5oKYcsFHSppFNnsj/52OVTRKb4zP5onXwVF3zVmmToNcOfGC+CRDpfK/U584fMg38ZHCaElKQ==",
        "dependencies": {
          "color-name": "color-name@1.1.4"
        }
      },
      "color-name@1.1.4": {
        "integrity": "sha512-dOy+3AuW3a2wNbZHIuMZpTcgjGuLU/uBL/ubcZF9OXbDo8ff4O8yVp5Bf0efS8uEoYo5q4Fx7dY9OgQGXgAsQA==",
        "dependencies": {}
      },
      "commander@10.0.1": {
        "integrity": "sha512-y4Mg2tXshplEbSGzx7amzPwKKOCGuoSRP/CjEdwwk0FOGlUbq6lKuoyDZTNZkmxHdJtp54hdfY/JUrdL7Xfdug==",
        "dependencies": {}
      },
      "config-chain@1.1.13": {
        "integrity": "sha512-qj+f8APARXHrM0hraqXYb2/bOVSV4PvJQlNZ/DVj0QrmNM2q2euizkeuVckQ57J+W0mRH6Hvi+k50M4Jul2VRQ==",
        "dependencies": {
          "ini": "ini@1.3.8",
          "proto-list": "proto-list@1.2.4"
        }
      },
      "cross-spawn@7.0.3": {
        "integrity": "sha512-iRDPJKUPVEND7dHPO8rkbOnPpyDygcDFtWjpeWNCgy8WP2rXcxXL8TskReQl6OrB2G7+UJrags1q15Fudc7G6w==",
        "dependencies": {
          "path-key": "path-key@3.1.1",
          "shebang-command": "shebang-command@2.0.0",
          "which": "which@2.0.2"
        }
      },
      "deepmerge@4.3.1": {
        "integrity": "sha512-3sUqbMEc77XqpdNO7FRyRog+eW3ph+GYCbj+rK+uYyRMuwsVy0rMiVtPn+QJlKFvWP/1PYpapqYn0Me2knFn+A==",
        "dependencies": {}
      },
      "dom-serializer@2.0.0": {
        "integrity": "sha512-wIkAryiqt/nV5EQKqQpo3SToSOV9J0DnbJqwK7Wv/Trc92zIAYZ4FlMu+JPFW1DfGFt81ZTCGgDEabffXeLyJg==",
        "dependencies": {
          "domelementtype": "domelementtype@2.3.0",
          "domhandler": "domhandler@5.0.3",
          "entities": "entities@4.5.0"
        }
      },
      "domelementtype@2.3.0": {
        "integrity": "sha512-OLETBj6w0OsagBwdXnPdN0cnMfF9opN69co+7ZrbfPGrdpPVNBUj02spi6B1N7wChLQiPn4CSH/zJvXw56gmHw==",
        "dependencies": {}
      },
      "domhandler@5.0.3": {
        "integrity": "sha512-cgwlv/1iFQiFnU96XXgROh8xTeetsnJiDsTc7TYCLFd9+/WNkIqPTxiM/8pSd8VIrhXGTf1Ny1q1hquVqDJB5w==",
        "dependencies": {
          "domelementtype": "domelementtype@2.3.0"
        }
      },
      "domutils@3.1.0": {
        "integrity": "sha512-H78uMmQtI2AhgDJjWeQmHwJJ2bLPD3GMmO7Zja/ZZh84wkm+4ut+IUnUdRa8uCGX88DiVx1j6FRe1XfxEgjEZA==",
        "dependencies": {
          "dom-serializer": "dom-serializer@2.0.0",
          "domelementtype": "domelementtype@2.3.0",
          "domhandler": "domhandler@5.0.3"
        }
      },
      "eastasianwidth@0.2.0": {
        "integrity": "sha512-I88TYZWc9XiYHRQ4/3c5rjjfgkjhLyW2luGIheGERbNQ6OY7yTybanSpDXZa8y7VUP9YmDcYa+eyq4ca7iLqWA==",
        "dependencies": {}
      },
      "editorconfig@1.0.4": {
        "integrity": "sha512-L9Qe08KWTlqYMVvMcTIvMAdl1cDUubzRNYL+WfA4bLDMHe4nemKkpmYzkznE1FwLKu0EEmy6obgQKzMJrg4x9Q==",
        "dependencies": {
          "@one-ini/wasm": "@one-ini/wasm@0.1.1",
          "commander": "commander@10.0.1",
          "minimatch": "minimatch@9.0.1",
          "semver": "semver@7.6.3"
        }
      },
      "emoji-regex@8.0.0": {
        "integrity": "sha512-MSjYzcWNOA0ewAHpz0MxpYFvwg6yjy1NG3xteoqz644VCo/RPgnr1/GGt+ic3iJTzQ8Eu3TdM14SawnVUmGE6A==",
        "dependencies": {}
      },
      "emoji-regex@9.2.2": {
        "integrity": "sha512-L18DaJsXSUk2+42pv8mLs5jJT2hqFkFE4j21wOmgbUqsZ2hL72NsUU785g9RXgo3s0ZNgVl42TiHp3ZtOv/Vyg==",
        "dependencies": {}
      },
      "entities@4.5.0": {
        "integrity": "sha512-V0hjH4dGPh9Ao5p0MoRY6BVqtwCjhz6vI5LT8AJ55H+4g9/4vbHx1I54fS0XuclLhDHArPQCiMjDxjaL8fPxhw==",
        "dependencies": {}
      },
      "fast-deep-equal@2.0.1": {
        "integrity": "sha512-bCK/2Z4zLidyB4ReuIsvALH6w31YfAQDmXMqMx6FyfHqvBxtjC0eRumeSu4Bs3XtXwpyIywtSTrVT99BxY1f9w==",
        "dependencies": {}
      },
      "foreground-child@3.3.0": {
        "integrity": "sha512-Ld2g8rrAyMYFXBhEqMz8ZAHBi4J4uS1i/CxGMDnjyFWddMXLVcDp051DZfu+t7+ab7Wv6SMqpWmyFIj5UbfFvg==",
        "dependencies": {
          "cross-spawn": "cross-spawn@7.0.3",
          "signal-exit": "signal-exit@4.1.0"
        }
      },
      "glob@10.4.5": {
        "integrity": "sha512-7Bv8RF0k6xjo7d4A/PxYLbUCfb6c+Vpd2/mB2yRDlew7Jb5hEXiCD9ibfO7wpk8i4sevK6DFny9h7EYbM3/sHg==",
        "dependencies": {
          "foreground-child": "foreground-child@3.3.0",
          "jackspeak": "jackspeak@3.4.3",
          "minimatch": "minimatch@9.0.5",
          "minipass": "minipass@7.1.2",
          "package-json-from-dist": "package-json-from-dist@1.0.0",
          "path-scurry": "path-scurry@1.11.1"
        }
      },
      "html-to-text@9.0.5": {
        "integrity": "sha512-qY60FjREgVZL03vJU6IfMV4GDjGBIoOyvuFdpBDIX9yTlDw0TjxVBQp+P8NvpdIXNJvfWBTNul7fsAQJq2FNpg==",
        "dependencies": {
          "@selderee/plugin-htmlparser2": "@selderee/plugin-htmlparser2@0.11.0",
          "deepmerge": "deepmerge@4.3.1",
          "dom-serializer": "dom-serializer@2.0.0",
          "htmlparser2": "htmlparser2@8.0.2",
          "selderee": "selderee@0.11.0"
        }
      },
      "htmlparser2@8.0.2": {
        "integrity": "sha512-GYdjWKDkbRLkZ5geuHs5NY1puJ+PXwP7+fHPRz06Eirsb9ugf6d8kkXav6ADhcODhFFPMIXyxkxSuMf3D6NCFA==",
        "dependencies": {
          "domelementtype": "domelementtype@2.3.0",
          "domhandler": "domhandler@5.0.3",
          "domutils": "domutils@3.1.0",
          "entities": "entities@4.5.0"
        }
      },
      "ini@1.3.8": {
        "integrity": "sha512-JV/yugV2uzW5iMRSiZAyDtQd+nxtUnjeLt0acNdw98kKLrvuRVyB80tsREOE7yvGVgalhZ6RNXCmEHkUKBKxew==",
        "dependencies": {}
      },
      "is-fullwidth-code-point@3.0.0": {
        "integrity": "sha512-zymm5+u+sCsSWyD9qNaejV3DFvhCKclKdizYaJUuHA83RLjb7nSuGnddCHGv0hk+KY7BMAlsWeK4Ueg6EV6XQg==",
        "dependencies": {}
      },
      "isexe@2.0.0": {
        "integrity": "sha512-RHxMLp9lnKHGHRng9QFhRCMbYAcVpn69smSGcq3f36xjgVVWThj4qqLbTLlq7Ssj8B+fIQ1EuCEGI2lKsyQeIw==",
        "dependencies": {}
      },
      "jackspeak@3.4.3": {
        "integrity": "sha512-OGlZQpz2yfahA/Rd1Y8Cd9SIEsqvXkLVoSw/cgwhnhFMDbsQFeZYoJJ7bIZBS9BcamUW96asq/npPWugM+RQBw==",
        "dependencies": {
          "@isaacs/cliui": "@isaacs/cliui@8.0.2",
          "@pkgjs/parseargs": "@pkgjs/parseargs@0.11.0"
        }
      },
      "js-beautify@1.15.1": {
        "integrity": "sha512-ESjNzSlt/sWE8sciZH8kBF8BPlwXPwhR6pWKAw8bw4Bwj+iZcnKW6ONWUutJ7eObuBZQpiIb8S7OYspWrKt7rA==",
        "dependencies": {
          "config-chain": "config-chain@1.1.13",
          "editorconfig": "editorconfig@1.0.4",
          "glob": "glob@10.4.5",
          "js-cookie": "js-cookie@3.0.5",
          "nopt": "nopt@7.2.1"
        }
      },
      "js-cookie@3.0.5": {
        "integrity": "sha512-cEiJEAEoIbWfCZYKWhVwFuvPX1gETRYPw6LlaTKoxD3s2AkXzkCjnp6h0V77ozyqj0jakteJ4YqDJT830+lVGw==",
        "dependencies": {}
      },
      "js-tokens@4.0.0": {
        "integrity": "sha512-RdJUflcE3cUzKiMqQgsCu06FPu9UdIJO0beYbPhHN4k6apgJtifcoCtT9bcxOpYBtpD2kCM6Sbzg4CausW/PKQ==",
        "dependencies": {}
      },
      "leac@0.6.0": {
        "integrity": "sha512-y+SqErxb8h7nE/fiEX07jsbuhrpO9lL8eca7/Y1nuWV2moNlXhyd59iDGcRf6moVyDMbmTNzL40SUyrFU/yDpg==",
        "dependencies": {}
      },
      "loose-envify@1.4.0": {
        "integrity": "sha512-lyuxPGr/Wfhrlem2CL/UcnUc1zcqKAImBDzukY7Y5F/yQiNdko6+fRLevlw1HgMySw7f611UIY408EtxRSoK3Q==",
        "dependencies": {
          "js-tokens": "js-tokens@4.0.0"
        }
      },
      "lru-cache@10.4.3": {
        "integrity": "sha512-JNAzZcXrCt42VGLuYz0zfAzDfAvJWW6AfYlDBQyDV5DClI2m5sAmK+OIO7s59XfsRsWHp02jAJrRadPRGTt6SQ==",
        "dependencies": {}
      },
      "minimatch@9.0.1": {
        "integrity": "sha512-0jWhJpD/MdhPXwPuiRkCbfYfSKp2qnn2eOc279qI7f+osl/l+prKSrvhg157zSYvx/1nmgn2NqdT6k2Z7zSH9w==",
        "dependencies": {
          "brace-expansion": "brace-expansion@2.0.1"
        }
      },
      "minimatch@9.0.5": {
        "integrity": "sha512-G6T0ZX48xgozx7587koeX9Ys2NYy6Gmv//P89sEte9V9whIapMNF4idKxnW2QtCcLiTWlb/wfCabAtAFWhhBow==",
        "dependencies": {
          "brace-expansion": "brace-expansion@2.0.1"
        }
      },
      "minipass@7.1.2": {
        "integrity": "sha512-qOOzS1cBTWYF4BH8fVePDBOO9iptMnGUEZwNc/cMWnTV2nVLZ7VoNWEPHkYczZA0pdoA7dl6e7FL659nX9S2aw==",
        "dependencies": {}
      },
      "nopt@7.2.1": {
        "integrity": "sha512-taM24ViiimT/XntxbPyJQzCG+p4EKOpgD3mxFwW38mGjVUrfERQOeY4EDHjdnptttfHuHQXFx+lTP08Q+mLa/w==",
        "dependencies": {
          "abbrev": "abbrev@2.0.0"
        }
      },
      "package-json-from-dist@1.0.0": {
        "integrity": "sha512-dATvCeZN/8wQsGywez1mzHtTlP22H8OEfPrVMLNr4/eGa+ijtLn/6M5f0dY8UKNrC2O9UCU6SSoG3qRKnt7STw==",
        "dependencies": {}
      },
      "parseley@0.12.1": {
        "integrity": "sha512-e6qHKe3a9HWr0oMRVDTRhKce+bRO8VGQR3NyVwcjwrbhMmFCX9KszEV35+rn4AdilFAq9VPxP/Fe1wC9Qjd2lw==",
        "dependencies": {
          "leac": "leac@0.6.0",
          "peberminta": "peberminta@0.9.0"
        }
      },
      "path-key@3.1.1": {
        "integrity": "sha512-ojmeN0qd+y0jszEtoY48r0Peq5dwMEkIlCOu6Q5f41lfkswXuKtYrhgoTpLnyIcHm24Uhqx+5Tqm2InSwLhE6Q==",
        "dependencies": {}
      },
      "path-scurry@1.11.1": {
        "integrity": "sha512-Xa4Nw17FS9ApQFJ9umLiJS4orGjm7ZzwUrwamcGQuHSzDyth9boKDaycYdDcZDuqYATXw4HFXgaqWTctW/v1HA==",
        "dependencies": {
          "lru-cache": "lru-cache@10.4.3",
          "minipass": "minipass@7.1.2"
        }
      },
      "peberminta@0.9.0": {
        "integrity": "sha512-XIxfHpEuSJbITd1H3EeQwpcZbTLHc+VVr8ANI9t5sit565tsI4/xK3KWTUFE2e6QiangUkh3B0jihzmGnNrRsQ==",
        "dependencies": {}
      },
      "proto-list@1.2.4": {
        "integrity": "sha512-vtK/94akxsTMhe0/cbfpR+syPuszcuwhqVjJq26CuNDgFGj682oRBXOP5MJpv2r7JtE8MsiepGIqvvOTBwn2vA==",
        "dependencies": {}
      },
      "react-dom@18.3.1_react@18.3.1": {
        "integrity": "sha512-5m4nQKp+rZRb09LNH59GM4BxTh9251/ylbKIbpe7TpGxfJ+9kv6BLkLBXIjjspbgbnIBNqlI23tRnTWT0snUIw==",
        "dependencies": {
          "loose-envify": "loose-envify@1.4.0",
          "react": "react@18.3.1",
          "scheduler": "scheduler@0.23.2"
        }
      },
      "react-promise-suspense@0.3.4": {
        "integrity": "sha512-I42jl7L3Ze6kZaq+7zXWSunBa3b1on5yfvUW6Eo/3fFOj6dZ5Bqmcd264nJbTK/gn1HjjILAjSwnZbV4RpSaNQ==",
        "dependencies": {
          "fast-deep-equal": "fast-deep-equal@2.0.1"
        }
      },
      "react@18.3.1": {
        "integrity": "sha512-wS+hAgJShR0KhEvPJArfuPVN1+Hz1t0Y6n5jLrGQbkb4urgPE/0Rve+1kMB1v/oWgHgm4WIcV+i7F2pTVj+2iQ==",
        "dependencies": {
          "loose-envify": "loose-envify@1.4.0"
        }
      },
      "resend@4.0.0_react@18.3.1": {
        "integrity": "sha512-rDX0rspl/XcmC2JV2V5obQvRX2arzxXUvNFUDMOv5ObBLR68+7kigCOysb7+dlkb0JE3erhQG0nHrbBt/ZCWIg==",
        "dependencies": {
          "@react-email/render": "@react-email/render@0.0.17_react@18.3.1_react-dom@18.3.1__react@18.3.1"
        }
      },
      "scheduler@0.23.2": {
        "integrity": "sha512-UOShsPwz7NrMUqhR6t0hWjFduvOzbtv7toDH1/hIrfRNIDBnnBWd0CwJTGvTpngVlmwGCdP9/Zl/tVrDqcuYzQ==",
        "dependencies": {
          "loose-envify": "loose-envify@1.4.0"
        }
      },
      "selderee@0.11.0": {
        "integrity": "sha512-5TF+l7p4+OsnP8BCCvSyZiSPc4x4//p5uPwK8TCnVPJYRmU2aYKMpOXvw8zM5a5JvuuCGN1jmsMwuU2W02ukfA==",
        "dependencies": {
          "parseley": "parseley@0.12.1"
        }
      },
      "semver@7.6.3": {
        "integrity": "sha512-oVekP1cKtI+CTDvHWYFUcMtsK/00wmAEfyqKfNdARm8u1wNVhSgaX7A8d4UuIlUI5e84iEwOhs7ZPYRmzU9U6A==",
        "dependencies": {}
      },
      "shebang-command@2.0.0": {
        "integrity": "sha512-kHxr2zZpYtdmrN1qDjrrX/Z1rR1kG8Dx+gkpK1G4eXmvXswmcE1hTWBWYUzlraYw1/yZp6YuDY77YtvbN0dmDA==",
        "dependencies": {
          "shebang-regex": "shebang-regex@3.0.0"
        }
      },
      "shebang-regex@3.0.0": {
        "integrity": "sha512-7++dFhtcx3353uBaq8DDR4NuxBetBzC7ZQOhmTQInHEd6bSrXdiEyzCvG07Z44UYdLShWUyXt5M/yhz8ekcb1A==",
        "dependencies": {}
      },
      "signal-exit@4.1.0": {
        "integrity": "sha512-bzyZ1e88w9O1iNJbKnOlvYTrWPDl46O1bG0D3XInv+9tkPrxrN8jUUTiFlDkkmKWgn1M6CfIA13SuGqOa9Korw==",
        "dependencies": {}
      },
      "string-width@4.2.3": {
        "integrity": "sha512-wKyQRQpjJ0sIp62ErSZdGsjMJWsap5oRNihHhu6G7JVO/9jIB6UyevL+tXuOqrng8j/cxKTWyWUwvSTriiZz/g==",
        "dependencies": {
          "emoji-regex": "emoji-regex@8.0.0",
          "is-fullwidth-code-point": "is-fullwidth-code-point@3.0.0",
          "strip-ansi": "strip-ansi@6.0.1"
        }
      },
      "string-width@5.1.2": {
        "integrity": "sha512-HnLOCR3vjcY8beoNLtcjZ5/nxn2afmME6lhrDrebokqMap+XbeW8n9TXpPDOqdGK5qcI3oT0GKTW6wC7EMiVqA==",
        "dependencies": {
          "eastasianwidth": "eastasianwidth@0.2.0",
          "emoji-regex": "emoji-regex@9.2.2",
          "strip-ansi": "strip-ansi@7.1.0"
        }
      },
      "strip-ansi@6.0.1": {
        "integrity": "sha512-Y38VPSHcqkFrCpFnQ9vuSXmquuv5oXOKpGeT6aGrr3o3Gc9AlVa6JBfUSOCnbxGGZF+/0ooI7KrPuUSztUdU5A==",
        "dependencies": {
          "ansi-regex": "ansi-regex@5.0.1"
        }
      },
      "strip-ansi@7.1.0": {
        "integrity": "sha512-iq6eVVI64nQQTRYq2KtEg2d2uU7LElhTJwsH4YzIHZshxlgZms/wIc4VoDQTlG/IvVIrBKG06CrZnp0qv7hkcQ==",
        "dependencies": {
          "ansi-regex": "ansi-regex@6.0.1"
        }
      },
      "which@2.0.2": {
        "integrity": "sha512-BLI3Tl1TW3Pvl70l3yq3Y64i+awpwXqsGBYWkkqMtnbXgrMD+yj7rhW0kuEDxzJaYXGjEW5ogapKNMEKNMjibA==",
        "dependencies": {
          "isexe": "isexe@2.0.0"
        }
      },
      "wrap-ansi@7.0.0": {
        "integrity": "sha512-YVGIj2kamLSTxw6NsZjoBxfSwsn0ycdesmc4p+Q21c5zPuZ1pl+NfxVdxPtdHvmNVOQ6XSYG4AUtyt/Fi7D16Q==",
        "dependencies": {
          "ansi-styles": "ansi-styles@4.3.0",
          "string-width": "string-width@4.2.3",
          "strip-ansi": "strip-ansi@6.0.1"
        }
      },
      "wrap-ansi@8.1.0": {
        "integrity": "sha512-si7QWI6zUMq56bESFvagtmzMdGOtoxfR+Sez11Mobfc7tm+VkUckk9bW2UeffTGVUbOksxmSw0AA2gs8g71NCQ==",
        "dependencies": {
          "ansi-styles": "ansi-styles@6.2.1",
          "string-width": "string-width@5.1.2",
          "strip-ansi": "strip-ansi@7.1.0"
        }
      }
    }
  },
  "redirects": {
    "https://esm.sh/react/jsx-runtime": "https://esm.sh/react@18.3.1/jsx-runtime"
  },
  "remote": {
    "https://deno.land/x/sentry@8.27.0/index.mjs": "8306208669d93169c864590efb2c291154f1beb9030c52f5114ca1f8ce3eca75",
    "https://deno.land/x/ulid@v0.3.0/mod.ts": "f7ff065b66abd485051fc68af23becef6ccc7e81f7774d7fcfd894a4b2da1984",
    "https://esm.sh/react@18.3.1/jsx-runtime": "f47f11639cc0531ad2f1e0f6334d9ae7a8d906c905d9b79cb2e8cd4331bc5b10",
    "https://esm.sh/stable/react@18.3.1/denonext/jsx-runtime.js": "5ff1e02a3bb5c69dd3535d77054b182f1ea51c5eeaf24a396984f6b7012c2716",
    "https://esm.sh/stable/react@18.3.1/denonext/react.mjs": "fc048ffc55366baf7669519127d186761db72046e2bebf35fe8d0de3964defa3",
    "https://raw.githubusercontent.com/nn1-dev/emails/main/emails/admin-signup-success.tsx": "1b3c8008ccfad63bf764cb15b91ba3f3b2621c9381b5a5d3514caaeaf9897e28",
    "https://raw.githubusercontent.com/nn1-dev/emails/main/emails/signup-confirm.tsx": "d93cdb58947a825c03fbc7e287ff42bdc732a98edc39392bcae636cb2ffd77cb",
    "https://raw.githubusercontent.com/nn1-dev/emails/main/emails/signup-success.tsx": "52d5907c7aaf2fff8fc86841627b91dd858ddbf8ddba0d8e104d65b568087f23",
    "https://raw.githubusercontent.com/nn1-dev/emails/main/style.tsx": "8d8a8080ca57d4d1896e9d530104b2e1dce18cca92380026bf70c9eab3b0e713"
  },
  "workspace": {
    "dependencies": [
      "npm:@react-email/body",
      "npm:@react-email/button",
      "npm:@react-email/container",
      "npm:@react-email/head",
      "npm:@react-email/heading",
      "npm:@react-email/hr",
      "npm:@react-email/html",
      "npm:@react-email/img",
      "npm:@react-email/link",
      "npm:@react-email/render",
      "npm:@react-email/text",
      "npm:react"
    ]
  }
}
